
Microsoft Visual Studio Solution File, Format Version 12.00
# Visual Studio 2012
Project("{8BC9CEB8-8B4A-11D0-8D11-00A0C91BC942}") = "HOMEWORK15-1_clean campus(Jarvis)_이종호", "HOMEWORK15-1_clean campus(Jarvis)_이종호\HOMEWORK15-1_clean campus(Jarvis)_이종호.vcxproj", "{F90F45ED-551E-483F-9FBC-D49054ECBC07}"
EndProject
Global
	GlobalSection(SolutionConfigurationPlatforms) = preSolution
		Debug|Win32 = Debug|Win32
		Release|Win32 = Release|Win32
	EndGlobalSection
	GlobalSection(ProjectConfigurationPlatforms) = postSolution
		{F90F45ED-551E-483F-9FBC-D49054ECBC07}.Debug|Win32.ActiveCfg = Debug|Win32
		{F90F45ED-551E-483F-9FBC-D49054ECBC07}.Debug|Win32.Build.0 = Debug|Win32
		{F90F45ED-551E-483F-9FBC-D49054ECBC07}.Release|Win32.ActiveCfg = Release|Win32
		{F90F45ED-551E-483F-9FBC-D49054ECBC07}.Release|Win32.Build.0 = Release|Win32
	EndGlobalSection
	GlobalSection(SolutionProperties) = preSolution
		HideSolutionNode = FALSE
	EndGlobalSection
EndGlobal
